// !$*UTF8*$!
{
	archiveVersion = 1;
	classes = {
	};
	objectVersion = 50;
	objects = {

/* Begin PBXBuildFile section */
		F6613B59247069E80009FFF8 /* BTAudioSwitch.m in Sources */ = {isa = PBXBuildFile; fileRef = F6613B58247069E80009FFF8 /* BTAudioSwitch.m */; };
		F6613B5F24793C690009FFF8 /* CoreAudio.framework in Frameworks */ = {isa = PBXBuildFile; fileRef = F6613B5B24793C5B0009FFF8 /* CoreAudio.framework */; };
		F6613B6224793C6C0009FFF8 /* IOBluetooth.framework in Frameworks */ = {isa = PBXBuildFile; fileRef = F6613B5D24793C630009FFF8 /* IOBluetooth.framework */; };
		F6613B6524793D970009FFF8 /* CoreFoundation.framework in Frameworks */ = {isa = PBXBuildFile; fileRef = F6613B6424793D970009FFF8 /* CoreFoundation.framework */; };
		F6FD0091246C3A5500030A3A /* main.m in Sources */ = {isa = PBXBuildFile; fileRef = F6FD0090246C3A5500030A3A /* main.m */; };
/* End PBXBuildFile section */

/* Begin PBXCopyFilesBuildPhase section */
		F6FD008B246C3A5500030A3A /* CopyFiles */ = {
			isa = PBXCopyFilesBuildPhase;
			buildActionMask = 2147483647;
			dstPath = /usr/share/man/man1/;
			dstSubfolderSpec = 0;
			files = (
			);
			runOnlyForDeploymentPostprocessing = 1;
		};
/* End PBXCopyFilesBuildPhase section */

/* Begin PBXFileReference section */
		F6613B57246FB3DC0009FFF8 /* BTAudioSwitch.h */ = {isa = PBXFileReference; lastKnownFileType = sourcecode.c.h; path = BTAudioSwitch.h; sourceTree = "<group>"; };
		F6613B58247069E80009FFF8 /* BTAudioSwitch.m */ = {isa = PBXFileReference; lastKnownFileType = sourcecode.c.objc; path = BTAudioSwitch.m; sourceTree = "<group>"; };
		F6613B5B24793C5B0009FFF8 /* CoreAudio.framework */ = {isa = PBXFileReference; lastKnownFileType = wrapper.framework; name = CoreAudio.framework; path = System/Library/Frameworks/CoreAudio.framework; sourceTree = SDKROOT; };
		F6613B5D24793C630009FFF8 /* IOBluetooth.framework */ = {isa = PBXFileReference; lastKnownFileType = wrapper.framework; name = IOBluetooth.framework; path = System/Library/Frameworks/IOBluetooth.framework; sourceTree = SDKROOT; };
		F6613B6424793D970009FFF8 /* CoreFoundation.framework */ = {isa = PBXFileReference; lastKnownFileType = wrapper.framework; name = CoreFoundation.framework; path = System/Library/Frameworks/CoreFoundation.framework; sourceTree = SDKROOT; };
		F6FD008D246C3A5500030A3A /* BTAudioSwitch */ = {isa = PBXFileReference; explicitFileType = "compiled.mach-o.executable"; includeInIndex = 0; path = BTAudioSwitch; sourceTree = BUILT_PRODUCTS_DIR; };
		F6FD0090246C3A5500030A3A /* main.m */ = {isa = PBXFileReference; lastKnownFileType = sourcecode.c.objc; path = main.m; sourceTree = "<group>"; };
/* End PBXFileReference section */

/* Begin PBXFrameworksBuildPhase section */
		F6FD008A246C3A5500030A3A /* Frameworks */ = {
			isa = PBXFrameworksBuildPhase;
			buildActionMask = 2147483647;
			files = (
				F6613B5F24793C690009FFF8 /* CoreAudio.framework in Frameworks */,
				F6613B6224793C6C0009FFF8 /* IOBluetooth.framework in Frameworks */,
				F6613B6524793D970009FFF8 /* CoreFoundation.framework in Frameworks */,
			);
			runOnlyForDeploymentPostprocessing = 0;
		};
/* End PBXFrameworksBuildPhase section */

/* Begin PBXGroup section */
		F6613B5A24793C5B0009FFF8 /* Frameworks */ = {
			isa = PBXGroup;
			children = (
				F6613B6424793D970009FFF8 /* CoreFoundation.framework */,
				F6613B5D24793C630009FFF8 /* IOBluetooth.framework */,
				F6613B5B24793C5B0009FFF8 /* CoreAudio.framework */,
			);
			name = Frameworks;
			sourceTree = "<group>";
		};
		F6FD0084246C3A5500030A3A = {
			isa = PBXGroup;
			children = (
				F6FD008F246C3A5500030A3A /* BTAudioSwitch */,
				F6FD008E246C3A5500030A3A /* Products */,
				F6613B5A24793C5B0009FFF8 /* Frameworks */,
			);
			sourceTree = "<group>";
		};
		F6FD008E246C3A5500030A3A /* Products */ = {
			isa = PBXGroup;
			children = (
				F6FD008D246C3A5500030A3A /* BTAudioSwitch */,
			);
			name = Products;
			sourceTree = "<group>";
		};
		F6FD008F246C3A5500030A3A /* BTAudioSwitch */ = {
			isa = PBXGroup;
			children = (
				F6FD0090246C3A5500030A3A /* main.m */,
				F6613B57246FB3DC0009FFF8 /* BTAudioSwitch.h */,
				F6613B58247069E80009FFF8 /* BTAudioSwitch.m */,
			);
			path = BTAudioSwitch;
			sourceTree = "<group>";
		};
/* End PBXGroup section */

/* Begin PBXNativeTarget section */
		F6FD008C246C3A5500030A3A /* BTAudioSwitch */ = {
			isa = PBXNativeTarget;
			buildConfigurationList = F6FD0094246C3A5500030A3A /* Build configuration list for PBXNativeTarget "BTAudioSwitch" */;
			buildPhases = (
				F6FD0089246C3A5500030A3A /* Sources */,
				F6FD008A246C3A5500030A3A /* Frameworks */,
				F6FD008B246C3A5500030A3A /* CopyFiles */,
			);
			buildRules = (
			);
			dependencies = (
			);
			name = BTAudioSwitch;
			productName = BTAudioSwitch;
			productReference = F6FD008D246C3A5500030A3A /* BTAudioSwitch */;
			productType = "com.apple.product-type.tool";
		};
/* End PBXNativeTarget section */

/* Begin PBXProject section */
		F6FD0085246C3A5500030A3A /* Project object */ = {
			isa = PBXProject;
			attributes = {
				LastUpgradeCheck = 1140;
				ORGANIZATIONNAME = nochenon;
				TargetAttributes = {
					F6FD008C246C3A5500030A3A = {
						CreatedOnToolsVersion = 11.4.1;
					};
				};
			};
			buildConfigurationList = F6FD0088246C3A5500030A3A /* Build configuration list for PBXProject "BTAudioSwitch" */;
			compatibilityVersion = "Xcode 9.3";
			developmentRegion = en;
			hasScannedForEncodings = 0;
			knownRegions = (
				en,
				Base,
			);
			mainGroup = F6FD0084246C3A5500030A3A;
			productRefGroup = F6FD008E246C3A5500030A3A /* Products */;
			projectDirPath = "";
			projectRoot = "";
			targets = (
				F6FD008C246C3A5500030A3A /* BTAudioSwitch */,
			);
		};
/* End PBXProject section */

/* Begin PBXSourcesBuildPhase section */
		F6FD0089246C3A5500030A3A /* Sources */ = {
			isa = PBXSourcesBuildPhase;
			buildActionMask = 2147483647;
			files = (
				F6613B59247069E80009FFF8 /* BTAudioSwitch.m in Sources */,
				F6FD0091246C3A5500030A3A /* main.m in Sources */,
			);
			runOnlyForDeploymentPostprocessing = 0;
		};
/* End PBXSourcesBuildPhase section */

/* Begin XCBuildConfiguration section */
		F6FD0092246C3A5500030A3A /* Debug */ = {
			isa = XCBuildConfiguration;
			buildSettings = {
				ALWAYS_SEARCH_USER_PATHS = NO;
				CLANG_ANALYZER_NONNULL = YES;
				CLANG_ANALYZER_NUMBER_OBJECT_CONVERSION = YES_AGGRESSIVE;
				CLANG_CXX_LANGUAGE_STANDARD = "gnu++14";
				CLANG_CXX_LIBRARY = "libc++";
				CLANG_ENABLE_MODULES = YES;
				CLANG_ENABLE_OBJC_ARC = YES;
				CLANG_ENABLE_OBJC_WEAK = YES;
				CLANG_WARN_BLOCK_CAPTURE_AUTORELEASING = YES;
				CLANG_WARN_BOOL_CONVERSION = YES;
				CLANG_WARN_COMMA = YES;
				CLANG_WARN_CONSTANT_CONVERSION = YES;
				CLANG_WARN_DEPRECATED_OBJC_IMPLEMENTATIONS = YES;
				CLANG_WARN_DIRECT_OBJC_ISA_USAGE = YES_ERROR;
				CLANG_WARN_DOCUMENTATION_COMMENTS = YES;
				CLANG_WARN_EMPTY_BODY = YES;
				CLANG_WARN_ENUM_CONVERSION = YES;
				CLANG_WARN_INFINITE_RECURSION = YES;
				CLANG_WARN_INT_CONVERSION = YES;
				CLANG_WARN_NON_LITERAL_NULL_CONVERSION = YES;
				CLANG_WARN_OBJC_IMPLICIT_RETAIN_SELF = YES;
				CLANG_WARN_OBJC_LITERAL_CONVERSION = YES;
				CLANG_WARN_OBJC_ROOT_CLASS = YES_ERROR;
				CLANG_WARN_RANGE_LOOP_ANALYSIS = YES;
				CLANG_WARN_STRICT_PROTOTYPES = YES;
				CLANG_WARN_SUSPICIOUS_MOVE = YES;
				CLANG_WARN_UNGUARDED_AVAILABILITY = YES_AGGRESSIVE;
				CLANG_WARN_UNREACHABLE_CODE = YES;
				CLANG_WARN__DUPLICATE_METHOD_MATCH = YES;
				COPY_PHASE_STRIP = NO;
				DEBUG_INFORMATION_FORMAT = dwarf;
				ENABLE_STRICT_OBJC_MSGSEND = YES;
				ENABLE_TESTABILITY = YES;
				GCC_C_LANGUAGE_STANDARD = gnu11;
				GCC_DYNAMIC_NO_PIC = NO;
				GCC_NO_COMMON_BLOCKS = YES;
				GCC_OPTIMIZATION_LEVEL = 0;
				GCC_PREPROCESSOR_DEFINITIONS = (
					"DEBUG=1",
					"$(inherited)",
				);
				GCC_WARN_64_TO_32_BIT_CONVERSION = YES;
				GCC_WARN_ABOUT_RETURN_TYPE = YES_ERROR;
				GCC_WARN_UNDECLARED_SELECTOR = YES;
				GCC_WARN_UNINITIALIZED_AUTOS = YES_AGGRESSIVE;
				GCC_WARN_UNUSED_FUNCTION = YES;
				GCC_WARN_UNUSED_VARIABLE = YES;
				MACOSX_DEPLOYMENT_TARGET = 10.15;
				MTL_ENABLE_DEBUG_INFO = INCLUDE_SOURCE;
				MTL_FAST_MATH = YES;
				ONLY_ACTIVE_ARCH = YES;
				SDKROOT = macosx;
			};
			name = Debug;
		};
		F6FD0093246C3A5500030A3A /* Release */ = {
			isa = XCBuildConfiguration;
			buildSettings = {
				ALWAYS_SEARCH_USER_PATHS = NO;
				CLANG_ANALYZER_NONNULL = YES;
				CLANG_ANALYZER_NUMBER_OBJECT_CONVERSION = YES_AGGRESSIVE;
				CLANG_CXX_LANGUAGE_STANDARD = "gnu++14";
				CLANG_CXX_LIBRARY = "libc++";
				CLANG_ENABLE_MODULES = YES;
				CLANG_ENABLE_OBJC_ARC = YES;
				CLANG_ENABLE_OBJC_WEAK = YES;
				CLANG_WARN_BLOCK_CAPTURE_AUTORELEASING = YES;
				CLANG_WARN_BOOL_CONVERSION = YES;
				CLANG_WARN_COMMA = YES;
				CLANG_WARN_CONSTANT_CONVERSION = YES;
				CLANG_WARN_DEPRECATED_OBJC_IMPLEMENTATIONS = YES;
				CLANG_WARN_DIRECT_OBJC_ISA_USAGE = YES_ERROR;
				CLANG_WARN_DOCUMENTATION_COMMENTS = YES;
				CLANG_WARN_EMPTY_BODY = YES;
				CLANG_WARN_ENUM_CONVERSION = YES;
				CLANG_WARN_INFINITE_RECURSION = YES;
				CLANG_WARN_INT_CONVERSION = YES;
				CLANG_WARN_NON_LITERAL_NULL_CONVERSION = YES;
				CLANG_WARN_OBJC_IMPLICIT_RETAIN_SELF = YES;
				CLANG_WARN_OBJC_LITERAL_CONVERSION = YES;
				CLANG_WARN_OBJC_ROOT_CLASS = YES_ERROR;
				CLANG_WARN_RANGE_LOOP_ANALYSIS = YES;
				CLANG_WARN_STRICT_PROTOTYPES = YES;
				CLANG_WARN_SUSPICIOUS_MOVE = YES;
				CLANG_WARN_UNGUARDED_AVAILABILITY = YES_AGGRESSIVE;
				CLANG_WARN_UNREACHABLE_CODE = YES;
				CLANG_WARN__DUPLICATE_METHOD_MATCH = YES;
				COPY_PHASE_STRIP = NO;
				DEBUG_INFORMATION_FORMAT = "dwarf-with-dsym";
				ENABLE_NS_ASSERTIONS = NO;
				ENABLE_STRICT_OBJC_MSGSEND = YES;
				GCC_C_LANGUAGE_STANDARD = gnu11;
				GCC_NO_COMMON_BLOCKS = YES;
				GCC_WARN_64_TO_32_BIT_CONVERSION = YES;
				GCC_WARN_ABOUT_RETURN_TYPE = YES_ERROR;
				GCC_WARN_UNDECLARED_SELECTOR = YES;
				GCC_WARN_UNINITIALIZED_AUTOS = YES_AGGRESSIVE;
				GCC_WARN_UNUSED_FUNCTION = YES;
				GCC_WARN_UNUSED_VARIABLE = YES;
				MACOSX_DEPLOYMENT_TARGET = 10.15;
				MTL_ENABLE_DEBUG_INFO = NO;
				MTL_FAST_MATH = YES;
				SDKROOT = macosx;
			};
			name = Release;
		};
		F6FD0095246C3A5500030A3A /* Debug */ = {
			isa = XCBuildConfiguration;
			buildSettings = {
				CODE_SIGN_IDENTITY = "Apple Development";
				CODE_SIGN_STYLE = Automatic;
				DEVELOPMENT_TEAM = PLQJD9775F;
				ENABLE_HARDENED_RUNTIME = YES;
				MACOSX_DEPLOYMENT_TARGET = 10.15;
				PRODUCT_NAME = "$(TARGET_NAME)";
			};
			name = Debug;
		};
		F6FD0096246C3A5500030A3A /* Release */ = {
			isa = XCBuildConfiguration;
			buildSettings = {
				CODE_SIGN_IDENTITY = "Apple Development";
				CODE_SIGN_STYLE = Automatic;
				DEVELOPMENT_TEAM = PLQJD9775F;
				ENABLE_HARDENED_RUNTIME = YES;
				MACOSX_DEPLOYMENT_TARGET = 10.15;
				PRODUCT_NAME = "$(TARGET_NAME)";
			};
			name = Release;
		};
/* End XCBuildConfiguration section */

/* Begin XCConfigurationList section */
		F6FD0088246C3A5500030A3A /* Build configuration list for PBXProject "BTAudioSwitch" */ = {
			isa = XCConfigurationList;
			buildConfigurations = (
				F6FD0092246C3A5500030A3A /* Debug */,
				F6FD0093246C3A5500030A3A /* Release */,
			);
			defaultConfigurationIsVisible = 0;
			defaultConfigurationName = Release;
		};
		F6FD0094246C3A5500030A3A /* Build configuration list for PBXNativeTarget "BTAudioSwitch" */ = {
			isa = XCConfigurationList;
			buildConfigurations = (
				F6FD0095246C3A5500030A3A /* Debug */,
				F6FD0096246C3A5500030A3A /* Release */,
			);
			defaultConfigurationIsVisible = 0;
			defaultConfigurationName = Release;
		};
/* End XCConfigurationList section */
	};
	rootObject = F6FD0085246C3A5500030A3A /* Project object */;
}
